
Microsoft Visual Studio Solution File, Format Version 12.00
# Visual Studio 15
VisualStudioVersion = 15.0.26124.0
MinimumVisualStudioVersion = 15.0.26124.0
Project("{2150E333-8FDC-42A3-9474-1A3956D46DE8}") = "src", "src", "{709F16B8-93BF-43CC-ADD1-8263E91770F9}"
EndProject
Project("{FAE04EC0-301F-11D3-BF4B-00C04F79EFBC}") = "CommandAPI", "src\CommandAPI\CommandAPI.csproj", "{AEC1D6BF-836E-4E58-8937-F1F0C487738C}"
EndProject
Project("{2150E333-8FDC-42A3-9474-1A3956D46DE8}") = "test", "test", "{4C4C2164-946E-40F3-8E40-F4CD0338A329}"
EndProject
Project("{FAE04EC0-301F-11D3-BF4B-00C04F79EFBC}") = "CommandAPI.Test", "test\CommandAPI.Test\CommandAPI.Test.csproj", "{CB0C84B9-1523-478D-AF79-DBC5D935899C}"
EndProject
Global
	GlobalSection(SolutionConfigurationPlatforms) = preSolution
		Debug|Any CPU = Debug|Any CPU
		Debug|x64 = Debug|x64
		Debug|x86 = Debug|x86
		Release|Any CPU = Release|Any CPU
		Release|x64 = Release|x64
		Release|x86 = Release|x86
	EndGlobalSection
	GlobalSection(SolutionProperties) = preSolution
		HideSolutionNode = FALSE
	EndGlobalSection
	GlobalSection(ProjectConfigurationPlatforms) = postSolution
		{AEC1D6BF-836E-4E58-8937-F1F0C487738C}.Debug|Any CPU.ActiveCfg = Debug|Any CPU
		{AEC1D6BF-836E-4E58-8937-F1F0C487738C}.Debug|Any CPU.Build.0 = Debug|Any CPU
		{AEC1D6BF-836E-4E58-8937-F1F0C487738C}.Debug|x64.ActiveCfg = Debug|Any CPU
		{AEC1D6BF-836E-4E58-8937-F1F0C487738C}.Debug|x64.Build.0 = Debug|Any CPU
		{AEC1D6BF-836E-4E58-8937-F1F0C487738C}.Debug|x86.ActiveCfg = Debug|Any CPU
		{AEC1D6BF-836E-4E58-8937-F1F0C487738C}.Debug|x86.Build.0 = Debug|Any CPU
		{AEC1D6BF-836E-4E58-8937-F1F0C487738C}.Release|Any CPU.ActiveCfg = Release|Any CPU
		{AEC1D6BF-836E-4E58-8937-F1F0C487738C}.Release|Any CPU.Build.0 = Release|Any CPU
		{AEC1D6BF-836E-4E58-8937-F1F0C487738C}.Release|x64.ActiveCfg = Release|Any CPU
		{AEC1D6BF-836E-4E58-8937-F1F0C487738C}.Release|x64.Build.0 = Release|Any CPU
		{AEC1D6BF-836E-4E58-8937-F1F0C487738C}.Release|x86.ActiveCfg = Release|Any CPU
		{AEC1D6BF-836E-4E58-8937-F1F0C487738C}.Release|x86.Build.0 = Release|Any CPU
		{CB0C84B9-1523-478D-AF79-DBC5D935899C}.Debug|Any CPU.ActiveCfg = Debug|Any CPU
		{CB0C84B9-1523-478D-AF79-DBC5D935899C}.Debug|Any CPU.Build.0 = Debug|Any CPU
		{CB0C84B9-1523-478D-AF79-DBC5D935899C}.Debug|x64.ActiveCfg = Debug|Any CPU
		{CB0C84B9-1523-478D-AF79-DBC5D935899C}.Debug|x64.Build.0 = Debug|Any CPU
		{CB0C84B9-1523-478D-AF79-DBC5D935899C}.Debug|x86.ActiveCfg = Debug|Any CPU
		{CB0C84B9-1523-478D-AF79-DBC5D935899C}.Debug|x86.Build.0 = Debug|Any CPU
		{CB0C84B9-1523-478D-AF79-DBC5D935899C}.Release|Any CPU.ActiveCfg = Release|Any CPU
		{CB0C84B9-1523-478D-AF79-DBC5D935899C}.Release|Any CPU.Build.0 = Release|Any CPU
		{CB0C84B9-1523-478D-AF79-DBC5D935899C}.Release|x64.ActiveCfg = Release|Any CPU
		{CB0C84B9-1523-478D-AF79-DBC5D935899C}.Release|x64.Build.0 = Release|Any CPU
		{CB0C84B9-1523-478D-AF79-DBC5D935899C}.Release|x86.ActiveCfg = Release|Any CPU
		{CB0C84B9-1523-478D-AF79-DBC5D935899C}.Release|x86.Build.0 = Release|Any CPU
	EndGlobalSection
	GlobalSection(NestedProjects) = preSolution
		{AEC1D6BF-836E-4E58-8937-F1F0C487738C} = {709F16B8-93BF-43CC-ADD1-8263E91770F9}
		{CB0C84B9-1523-478D-AF79-DBC5D935899C} = {4C4C2164-946E-40F3-8E40-F4CD0338A329}
	EndGlobalSection
EndGlobal
